{
  "name": "lightning-pong",
  "version": "0.1.0",
  "lockfileVersion": 1,
  "requires": true,
  "dependencies": {
    "@types/argparse": {
      "version": "1.0.36",
      "resolved": "https://registry.npmjs.org/@types/argparse/-/argparse-1.0.36.tgz",
      "integrity": "sha512-3+i1qzPwyNjbJeiZuJQuETdAe7kWsbI+Vrpj8kbdqAEsXaBDxHPEPg6tXGeDEP0DDPrOnvyFJjm6XNOoK6685w==",
      "dev": true
    },
    "@types/bigi": {
      "version": "1.4.2",
      "resolved": "https://registry.npmjs.org/@types/bigi/-/bigi-1.4.2.tgz",
      "integrity": "sha512-St8Vm0x1ApYlU9yNaFx3jBis5JVU6oR/5Xtgvn8+N8Ts8f3ze6kOvAAg0aNkbGMGhhG6PrP0nMOgDI9NMFETkA==",
      "dev": true
    },
    "@types/debug": {
      "version": "4.1.5",
      "resolved": "https://registry.npmjs.org/@types/debug/-/debug-4.1.5.tgz",
      "integrity": "sha512-Q1y515GcOdTHgagaVFhHnIFQ38ygs/kmxdNpvpou+raI9UO3YZcHDngBSYKQklcKlvA7iuQlmIKbzvmxcOE9CQ==",
      "dev": true
    },
    "@types/ecurve": {
      "version": "1.0.0",
      "resolved": "https://registry.npmjs.org/@types/ecurve/-/ecurve-1.0.0.tgz",
      "integrity": "sha1-DR/OAi2LqyvEurKMXXgbZCEAGMQ=",
      "dev": true,
      "requires": {
        "@types/bigi": "*",
        "@types/node": "*"
      }
    },
    "@types/node": {
      "version": "12.12.14",
      "resolved": "https://registry.npmjs.org/@types/node/-/node-12.12.14.tgz",
      "integrity": "sha512-u/SJDyXwuihpwjXy7hOOghagLEV1KdAST6syfnOk6QZAMzZuWZqXy5aYYZbh8Jdpd4escVFP0MvftHNDb9pruA==",
      "dev": true
    },
    "argparse": {
      "version": "1.0.10",
      "resolved": "https://registry.npmjs.org/argparse/-/argparse-1.0.10.tgz",
      "integrity": "sha512-o5Roy6tNG4SL/FOkCAN6RzjiakZS25RLYFrcMttJqbdd8BWrnA+fGz57iN5Pb06pvBGvl5gQ0B48dJlslXvoTg==",
      "requires": {
        "sprintf-js": "~1.0.2"
      }
    },
    "bigi": {
      "version": "1.4.2",
      "resolved": "https://registry.npmjs.org/bigi/-/bigi-1.4.2.tgz",
      "integrity": "sha1-nGZalfiLiwj8Bc/XMfVhhZ1yWCU="
    },
    "bigint-buffer": {
      "version": "1.1.5",
      "resolved": "https://registry.npmjs.org/bigint-buffer/-/bigint-buffer-1.1.5.tgz",
      "integrity": "sha512-trfYco6AoZ+rKhKnxA0hgX0HAbVP/s808/EuDSe2JDzUnCp/xAsli35Orvk67UrTEcwuxZqYZDmfA2RXJgxVvA==",
      "requires": {
        "bindings": "^1.3.0"
      }
    },
    "bindings": {
      "version": "1.5.0",
      "resolved": "https://registry.npmjs.org/bindings/-/bindings-1.5.0.tgz",
      "integrity": "sha512-p2q/t/mhvuOj/UeLlV6566GD/guowlr0hHxClI0W9m7MWYkL1F0hLo+0Aexs9HSPCtR1SXQ0TD3MMKrXZajbiQ==",
      "requires": {
        "file-uri-to-path": "1.0.0"
      }
    },
    "bolt02": {
      "version": "0.1.2",
      "resolved": "https://registry.npmjs.org/bolt02/-/bolt02-0.1.2.tgz",
      "integrity": "sha512-ZUqIUktSm7hZXr1h/njYgk5MO1QFdZPTSxvlzGqVT7XWsiA+LBTceuwCU6BuCcVEoWfBrDrUhlhXQ0l808pzug==",
      "requires": {
        "bigint-buffer": "^1.1.5",
        "debug": "^4.1.1",
        "ecurve": "^1.0.6",
        "lightning-tlv": "^0.1.4"
      }
    },
    "bolt08": {
      "version": "0.2.3",
      "resolved": "https://registry.npmjs.org/bolt08/-/bolt08-0.2.3.tgz",
      "integrity": "sha512-AJ3Pz6CsKRp3pLz6lKS00fyz3TjM30lE9o7Faps4rMB2rir8cTt2Uu91l9BCojqquCT3CceIiaQnenTWK9k7JA==",
      "requires": {
        "bigi": "^1.4.2",
        "bigint-buffer": "^1.1.5",
        "chacha": "^2.1.0",
        "debug": "^4.1.1",
        "ecurve": "^1.0.6"
      }
    },
    "chacha": {
      "version": "2.1.0",
      "resolved": "https://registry.npmjs.org/chacha/-/chacha-2.1.0.tgz",
      "integrity": "sha1-9NV8h2ihtCBumWf4WLSNp90o6qY=",
      "requires": {
        "chacha-native": "^2.0.0",
        "inherits": "^2.0.1",
        "readable-stream": "^1.0.33"
      }
    },
    "chacha-native": {
      "version": "2.0.2",
      "resolved": "https://registry.npmjs.org/chacha-native/-/chacha-native-2.0.2.tgz",
      "integrity": "sha1-+grrzOywTElnPSpz0FlGIGf1vuQ=",
      "optional": true,
      "requires": {
        "bindings": "^1.2.1",
        "inherits": "^2.0.1",
        "nan": "^2.4.0"
      }
    },
    "core-util-is": {
      "version": "1.0.2",
      "resolved": "https://registry.npmjs.org/core-util-is/-/core-util-is-1.0.2.tgz",
      "integrity": "sha1-tf1UIgqivFq1eqtxQMlAdUUDwac="
    },
    "debug": {
      "version": "4.1.1",
      "resolved": "https://registry.npmjs.org/debug/-/debug-4.1.1.tgz",
      "integrity": "sha512-pYAIzeRo8J6KPEaJ0VWOh5Pzkbw/RetuzehGM7QRRX5he4fPHx2rdKMB256ehJCkX+XRQm16eZLqLNS8RSZXZw==",
      "requires": {
        "ms": "^2.1.1"
      }
    },
    "ecurve": {
      "version": "1.0.6",
      "resolved": "https://registry.npmjs.org/ecurve/-/ecurve-1.0.6.tgz",
      "integrity": "sha512-/BzEjNfiSuB7jIWKcS/z8FK9jNjmEWvUV2YZ4RLSmcDtP7Lq0m6FvDuSnJpBlDpGRpfRQeTLGLBI8H+kEv0r+w==",
      "requires": {
        "bigi": "^1.1.0",
        "safe-buffer": "^5.0.1"
      }
    },
    "file-uri-to-path": {
      "version": "1.0.0",
      "resolved": "https://registry.npmjs.org/file-uri-to-path/-/file-uri-to-path-1.0.0.tgz",
      "integrity": "sha512-0Zt+s3L7Vf1biwWZ29aARiVYLx7iMGnEUl9x33fbB/j3jR81u/O2LbqK+Bm1CDSNDKVtJ/YjwY7TUd5SkeLQLw=="
    },
    "inherits": {
      "version": "2.0.4",
      "resolved": "https://registry.npmjs.org/inherits/-/inherits-2.0.4.tgz",
      "integrity": "sha512-k/vGaX4/Yla3WzyMCvTQOXYeIHvqOKtnqBduzTHpzpQZzAskKMhZ2K+EnBiSM9zGSoIFeMpXKxa4dYeZIQqewQ=="
    },
    "isarray": {
      "version": "0.0.1",
      "resolved": "https://registry.npmjs.org/isarray/-/isarray-0.0.1.tgz",
      "integrity": "sha1-ihis/Kmo9Bd+Cav8YDiTmwXR7t8="
    },
    "lightning-tlv": {
      "version": "0.1.5",
      "resolved": "https://registry.npmjs.org/lightning-tlv/-/lightning-tlv-0.1.5.tgz",
      "integrity": "sha512-YcvstKgIpkQQZAoqk88v3E46MkV80JShp+SJyvDS7xsZkxV6f+wwWhv2OZKvEBmtyqDG5mX+Z7359XUHwioMZQ==",
      "requires": {
        "bigint-buffer": "^1.1.5",
        "debug": "^4.1.1"
      }
    },
    "ms": {
      "version": "2.1.2",
      "resolved": "https://registry.npmjs.org/ms/-/ms-2.1.2.tgz",
      "integrity": "sha512-sGkPx+VjMtmA6MX27oA4FBFELFCZZ4S4XqeGOXCv68tT+jb3vk/RyaKWP0PTKyWtmLSM0b+adUTEvbs1PEaH2w=="
    },
    "nan": {
      "version": "2.14.0",
      "resolved": "https://registry.npmjs.org/nan/-/nan-2.14.0.tgz",
      "integrity": "sha512-INOFj37C7k3AfaNTtX8RhsTw7qRy7eLET14cROi9+5HAVbbHuIWUHEauBv5qT4Av2tWasiTY1Jw6puUNqRJXQg==",
      "optional": true
    },
    "readable-stream": {
      "version": "1.1.14",
      "resolved": "https://registry.npmjs.org/readable-stream/-/readable-stream-1.1.14.tgz",
      "integrity": "sha1-fPTFTvZI44EwhMY23SB54WbAgdk=",
      "requires": {
        "core-util-is": "~1.0.0",
        "inherits": "~2.0.1",
        "isarray": "0.0.1",
        "string_decoder": "~0.10.x"
      }
    },
    "safe-buffer": {
      "version": "5.2.0",
      "resolved": "https://registry.npmjs.org/safe-buffer/-/safe-buffer-5.2.0.tgz",
      "integrity": "sha512-fZEwUGbVl7kouZs1jCdMLdt95hdIv0ZeHg6L7qPeciMZhZ+/gdesW4wgTARkrFWEpspjEATAzUGPG8N2jJiwbg=="
    },
    "sprintf-js": {
      "version": "1.0.3",
      "resolved": "https://registry.npmjs.org/sprintf-js/-/sprintf-js-1.0.3.tgz",
      "integrity": "sha1-BOaSb2YolTVPPdAVIDYzuFcpfiw="
    },
    "string_decoder": {
      "version": "0.10.31",
      "resolved": "https://registry.npmjs.org/string_decoder/-/string_decoder-0.10.31.tgz",
      "integrity": "sha1-YuIDvEF2bGwoyfyEMB2rHFMQ+pQ="
    },
    "typescript": {
      "version": "3.7.2",
      "resolved": "https://registry.npmjs.org/typescript/-/typescript-3.7.2.tgz",
      "integrity": "sha512-ml7V7JfiN2Xwvcer+XAf2csGO1bPBdRbFCkYBczNZggrBZ9c7G3riSUeJmqEU5uOtXNPMhE3n+R4FA/3YOAWOQ==",
      "dev": true
    }
  }
}
